
Microsoft Visual Studio Solution File, Format Version 12.00
# Visual Studio Version 17
VisualStudioVersion = 17.0.31903.59
MinimumVisualStudioVersion = 10.0.40219.1
Project("{2150E333-8FDC-42A3-9474-1A3956D46DE8}") = "src", "src", "{DDF3D677-F767-4134-9AE5-A7D98A27E2E7}"
EndProject
Project("{2150E333-8FDC-42A3-9474-1A3956D46DE8}") = "Core", "Core", "{DFE5CE2B-A2CC-4586-96C8-AB4E88F7DD3B}"
EndProject
Project("{2150E333-8FDC-42A3-9474-1A3956D46DE8}") = "Robot", "Robot", "{ECA5946D-1CB8-4B08-898B-0A1E30E41478}"
EndProject
Project("{FAE04EC0-301F-11D3-BF4B-00C04F79EFBC}") = "Robot.Application", "src\Robot\Robot.Application\Robot.Application.csproj", "{B6407AF2-3D20-441E-9527-7F808E89F4B1}"
EndProject
Project("{2150E333-8FDC-42A3-9474-1A3956D46DE8}") = "Solution Items", "Solution Items", "{208376E7-BF4D-40DC-86FD-52FC15232A65}"
	ProjectSection(SolutionItems) = preProject
		.editorconfig = .editorconfig
		Directory.Build.props = Directory.Build.props
		Directory.Packages.props = Directory.Packages.props
	EndProjectSection
EndProject
Project("{9A19103F-16F7-4668-BE54-9A1E7A4F7556}") = "Core", "src\Core\Core\Core.csproj", "{A1B21CEA-FB07-4BAF-9B81-26241D54F8E0}"
EndProject
Project("{FAE04EC0-301F-11D3-BF4B-00C04F79EFBC}") = "Robot.Domain", "src\Robot\Robot.Domain\Robot.Domain.csproj", "{C5C25984-72E6-4547-B598-DE5950EAD630}"
EndProject
Project("{FAE04EC0-301F-11D3-BF4B-00C04F79EFBC}") = "Robot.Engine", "src\Robot\Robot.Engine\Robot.Engine.csproj", "{D0A3536D-33AF-4083-9146-9B9BC4E2DCB0}"
EndProject
Project("{FAE04EC0-301F-11D3-BF4B-00C04F79EFBC}") = "Robot.Test", "src\Robot\Robot.Test\Robot.Test.csproj", "{3D40EFA0-664C-42FE-AB36-918AE3DBC041}"
EndProject
Global
	GlobalSection(SolutionConfigurationPlatforms) = preSolution
		Debug|Any CPU = Debug|Any CPU
		Release|Any CPU = Release|Any CPU
	EndGlobalSection
	GlobalSection(ProjectConfigurationPlatforms) = postSolution
		{B6407AF2-3D20-441E-9527-7F808E89F4B1}.Debug|Any CPU.ActiveCfg = Debug|Any CPU
		{B6407AF2-3D20-441E-9527-7F808E89F4B1}.Debug|Any CPU.Build.0 = Debug|Any CPU
		{B6407AF2-3D20-441E-9527-7F808E89F4B1}.Release|Any CPU.ActiveCfg = Release|Any CPU
		{B6407AF2-3D20-441E-9527-7F808E89F4B1}.Release|Any CPU.Build.0 = Release|Any CPU
		{A1B21CEA-FB07-4BAF-9B81-26241D54F8E0}.Debug|Any CPU.ActiveCfg = Debug|Any CPU
		{A1B21CEA-FB07-4BAF-9B81-26241D54F8E0}.Debug|Any CPU.Build.0 = Debug|Any CPU
		{A1B21CEA-FB07-4BAF-9B81-26241D54F8E0}.Release|Any CPU.ActiveCfg = Release|Any CPU
		{A1B21CEA-FB07-4BAF-9B81-26241D54F8E0}.Release|Any CPU.Build.0 = Release|Any CPU
		{C5C25984-72E6-4547-B598-DE5950EAD630}.Debug|Any CPU.ActiveCfg = Debug|Any CPU
		{C5C25984-72E6-4547-B598-DE5950EAD630}.Debug|Any CPU.Build.0 = Debug|Any CPU
		{C5C25984-72E6-4547-B598-DE5950EAD630}.Release|Any CPU.ActiveCfg = Release|Any CPU
		{C5C25984-72E6-4547-B598-DE5950EAD630}.Release|Any CPU.Build.0 = Release|Any CPU
		{D0A3536D-33AF-4083-9146-9B9BC4E2DCB0}.Debug|Any CPU.ActiveCfg = Debug|Any CPU
		{D0A3536D-33AF-4083-9146-9B9BC4E2DCB0}.Debug|Any CPU.Build.0 = Debug|Any CPU
		{D0A3536D-33AF-4083-9146-9B9BC4E2DCB0}.Release|Any CPU.ActiveCfg = Release|Any CPU
		{D0A3536D-33AF-4083-9146-9B9BC4E2DCB0}.Release|Any CPU.Build.0 = Release|Any CPU
		{3D40EFA0-664C-42FE-AB36-918AE3DBC041}.Debug|Any CPU.ActiveCfg = Debug|Any CPU
		{3D40EFA0-664C-42FE-AB36-918AE3DBC041}.Debug|Any CPU.Build.0 = Debug|Any CPU
		{3D40EFA0-664C-42FE-AB36-918AE3DBC041}.Release|Any CPU.ActiveCfg = Release|Any CPU
		{3D40EFA0-664C-42FE-AB36-918AE3DBC041}.Release|Any CPU.Build.0 = Release|Any CPU
	EndGlobalSection
	GlobalSection(SolutionProperties) = preSolution
		HideSolutionNode = FALSE
	EndGlobalSection
	GlobalSection(NestedProjects) = preSolution
		{DFE5CE2B-A2CC-4586-96C8-AB4E88F7DD3B} = {DDF3D677-F767-4134-9AE5-A7D98A27E2E7}
		{ECA5946D-1CB8-4B08-898B-0A1E30E41478} = {DDF3D677-F767-4134-9AE5-A7D98A27E2E7}
		{B6407AF2-3D20-441E-9527-7F808E89F4B1} = {ECA5946D-1CB8-4B08-898B-0A1E30E41478}
		{A1B21CEA-FB07-4BAF-9B81-26241D54F8E0} = {DFE5CE2B-A2CC-4586-96C8-AB4E88F7DD3B}
		{C5C25984-72E6-4547-B598-DE5950EAD630} = {ECA5946D-1CB8-4B08-898B-0A1E30E41478}
		{D0A3536D-33AF-4083-9146-9B9BC4E2DCB0} = {ECA5946D-1CB8-4B08-898B-0A1E30E41478}
		{3D40EFA0-664C-42FE-AB36-918AE3DBC041} = {ECA5946D-1CB8-4B08-898B-0A1E30E41478}
	EndGlobalSection
	GlobalSection(ExtensibilityGlobals) = postSolution
		SolutionGuid = {F4BFA72B-5517-4F83-9336-3DAF5E08383E}
	EndGlobalSection
EndGlobal
